
Microsoft Visual Studio Solution File, Format Version 12.00
# Visual Studio Version 17
VisualStudioVersion = 17.6.33723.286
MinimumVisualStudioVersion = 10.0.40219.1
Project("{FAE04EC0-301F-11D3-BF4B-00C04F79EFBC}") = "MovieRentalAppProject", "MovieRentalAppProject.csproj", "{F3B46435-24E1-4BAE-A758-BAE9054F621D}"
EndProject
Global
	GlobalSection(SolutionConfigurationPlatforms) = preSolution
		Debug|Any CPU = Debug|Any CPU
		Release|Any CPU = Release|Any CPU
	EndGlobalSection
	GlobalSection(ProjectConfigurationPlatforms) = postSolution
		{F3B46435-24E1-4BAE-A758-BAE9054F621D}.Debug|Any CPU.ActiveCfg = Debug|Any CPU
		{F3B46435-24E1-4BAE-A758-BAE9054F621D}.Debug|Any CPU.Build.0 = Debug|Any CPU
		{F3B46435-24E1-4BAE-A758-BAE9054F621D}.Release|Any CPU.ActiveCfg = Release|Any CPU
		{F3B46435-24E1-4BAE-A758-BAE9054F621D}.Release|Any CPU.Build.0 = Release|Any CPU
	EndGlobalSection
	GlobalSection(SolutionProperties) = preSolution
		HideSolutionNode = FALSE
	EndGlobalSection
	GlobalSection(ExtensibilityGlobals) = postSolution
		SolutionGuid = {383F21B7-AE1A-4900-A6F5-6C27ECA93779}
	EndGlobalSection
EndGlobal
